
Microsoft Visual Studio Solution File, Format Version 12.00
# Visual Studio Version 17
VisualStudioVersion = 17.5.002.0
MinimumVisualStudioVersion = 10.0.40219.1
Project("{2150E333-8FDC-42A3-9474-1A3956D46DE8}") = "src", "src", "{4C024D57-8B6D-4847-996F-1B8D0B6D5143}"
EndProject
Project("{9A19103F-16F7-4668-BE54-9A1E7A4F7556}") = "Generated", "src\Generated\Generated.csproj", "{8E442692-3727-481A-9CA3-09D08313AD6C}"
EndProject
Project("{9A19103F-16F7-4668-BE54-9A1E7A4F7556}") = "StringInterpolation", "src\StringInterpolation\StringInterpolation.csproj", "{70DFBF89-131A-4805-A581-1409D0382189}"
EndProject
Project("{9A19103F-16F7-4668-BE54-9A1E7A4F7556}") = "SumProducts", "src\SumProducts\SumProducts.csproj", "{6DE7ADEB-E0A0-43CC-AEDB-7A820F468409}"
EndProject
Project("{9A19103F-16F7-4668-BE54-9A1E7A4F7556}") = "PostgreSQLBase", "src\PostgreSQLBase\PostgreSQLBase.csproj", "{D5029F29-BF8E-4338-A7BB-221E8B93A417}"
EndProject
Project("{9A19103F-16F7-4668-BE54-9A1E7A4F7556}") = "AutoIncrease", "src\AutoIncrease\AutoIncrease.csproj", "{4104F191-24D0-40F1-8743-6D0BACC80B30}"
EndProject
Project("{9A19103F-16F7-4668-BE54-9A1E7A4F7556}") = "Array", "src\Array\Array.csproj", "{20D1D2AA-19A2-4BE9-943A-DCEA0A533D19}"
EndProject
Project("{9A19103F-16F7-4668-BE54-9A1E7A4F7556}") = "One2One", "src\One2One\One2One.csproj", "{26FBEEDF-6E62-42FE-8405-F5792EEEB465}"
EndProject
Project("{9A19103F-16F7-4668-BE54-9A1E7A4F7556}") = "DbQuerySet", "src\DbQuerySet\DbQuerySet.csproj", "{4A56923D-99CF-46E2-AA7E-F4A80355995C}"
EndProject
Project("{9A19103F-16F7-4668-BE54-9A1E7A4F7556}") = "SqlGenerate", "src\SqlGenerate\SqlGenerate.csproj", "{8CAAA908-B4BF-4CDB-A880-77B7CDF4FF26}"
EndProject
Project("{9A19103F-16F7-4668-BE54-9A1E7A4F7556}") = "MultipleTables", "src\MultipleTables\MultipleTables.csproj", "{EE15BC16-CEA6-4541-9D6C-1659C2E00B46}"
EndProject
Project("{9A19103F-16F7-4668-BE54-9A1E7A4F7556}") = "Many2Many", "src\Many2Many\Many2Many.csproj", "{110968B0-D710-40DB-BA3C-DB2F8B0259F9}"
EndProject
Project("{9A19103F-16F7-4668-BE54-9A1E7A4F7556}") = "BackingField", "src\BackingField\BackingField.csproj", "{241387E7-686C-4DBD-8F1B-C9D10087E264}"
EndProject
Project("{9A19103F-16F7-4668-BE54-9A1E7A4F7556}") = "LoggingThread", "src\LoggingThread\LoggingThread.csproj", "{B4FEE2EA-08D9-4331-BA18-4FD85EC5D727}"
EndProject
Project("{9A19103F-16F7-4668-BE54-9A1E7A4F7556}") = "DataSeeding", "src\DataSeeding\DataSeeding.csproj", "{83595DBF-D3FC-43A1-9871-9D7728353721}"
EndProject
Project("{9A19103F-16F7-4668-BE54-9A1E7A4F7556}") = "LazyLoading", "src\LazyLoading\LazyLoading.csproj", "{4B19B22E-BE3A-4508-B819-6550E8D3C42D}"
EndProject
Project("{FAE04EC0-301F-11D3-BF4B-00C04F79EFBC}") = "Immutable", "src\Immutable\Immutable.csproj", "{C60C90EE-96A9-4CFB-A1DA-E7C2C9B5ADD9}"
EndProject
Global
	GlobalSection(SolutionConfigurationPlatforms) = preSolution
		Debug|Any CPU = Debug|Any CPU
		Release|Any CPU = Release|Any CPU
	EndGlobalSection
	GlobalSection(ProjectConfigurationPlatforms) = postSolution
		{8E442692-3727-481A-9CA3-09D08313AD6C}.Debug|Any CPU.ActiveCfg = Debug|Any CPU
		{8E442692-3727-481A-9CA3-09D08313AD6C}.Debug|Any CPU.Build.0 = Debug|Any CPU
		{8E442692-3727-481A-9CA3-09D08313AD6C}.Release|Any CPU.ActiveCfg = Release|Any CPU
		{8E442692-3727-481A-9CA3-09D08313AD6C}.Release|Any CPU.Build.0 = Release|Any CPU
		{70DFBF89-131A-4805-A581-1409D0382189}.Debug|Any CPU.ActiveCfg = Debug|Any CPU
		{70DFBF89-131A-4805-A581-1409D0382189}.Debug|Any CPU.Build.0 = Debug|Any CPU
		{70DFBF89-131A-4805-A581-1409D0382189}.Release|Any CPU.ActiveCfg = Release|Any CPU
		{70DFBF89-131A-4805-A581-1409D0382189}.Release|Any CPU.Build.0 = Release|Any CPU
		{6DE7ADEB-E0A0-43CC-AEDB-7A820F468409}.Debug|Any CPU.ActiveCfg = Debug|Any CPU
		{6DE7ADEB-E0A0-43CC-AEDB-7A820F468409}.Debug|Any CPU.Build.0 = Debug|Any CPU
		{6DE7ADEB-E0A0-43CC-AEDB-7A820F468409}.Release|Any CPU.ActiveCfg = Release|Any CPU
		{6DE7ADEB-E0A0-43CC-AEDB-7A820F468409}.Release|Any CPU.Build.0 = Release|Any CPU
		{D5029F29-BF8E-4338-A7BB-221E8B93A417}.Debug|Any CPU.ActiveCfg = Debug|Any CPU
		{D5029F29-BF8E-4338-A7BB-221E8B93A417}.Debug|Any CPU.Build.0 = Debug|Any CPU
		{D5029F29-BF8E-4338-A7BB-221E8B93A417}.Release|Any CPU.ActiveCfg = Release|Any CPU
		{D5029F29-BF8E-4338-A7BB-221E8B93A417}.Release|Any CPU.Build.0 = Release|Any CPU
		{4104F191-24D0-40F1-8743-6D0BACC80B30}.Debug|Any CPU.ActiveCfg = Debug|Any CPU
		{4104F191-24D0-40F1-8743-6D0BACC80B30}.Debug|Any CPU.Build.0 = Debug|Any CPU
		{4104F191-24D0-40F1-8743-6D0BACC80B30}.Release|Any CPU.ActiveCfg = Release|Any CPU
		{4104F191-24D0-40F1-8743-6D0BACC80B30}.Release|Any CPU.Build.0 = Release|Any CPU
		{20D1D2AA-19A2-4BE9-943A-DCEA0A533D19}.Debug|Any CPU.ActiveCfg = Debug|Any CPU
		{20D1D2AA-19A2-4BE9-943A-DCEA0A533D19}.Debug|Any CPU.Build.0 = Debug|Any CPU
		{20D1D2AA-19A2-4BE9-943A-DCEA0A533D19}.Release|Any CPU.ActiveCfg = Release|Any CPU
		{20D1D2AA-19A2-4BE9-943A-DCEA0A533D19}.Release|Any CPU.Build.0 = Release|Any CPU
		{26FBEEDF-6E62-42FE-8405-F5792EEEB465}.Debug|Any CPU.ActiveCfg = Debug|Any CPU
		{26FBEEDF-6E62-42FE-8405-F5792EEEB465}.Debug|Any CPU.Build.0 = Debug|Any CPU
		{26FBEEDF-6E62-42FE-8405-F5792EEEB465}.Release|Any CPU.ActiveCfg = Release|Any CPU
		{26FBEEDF-6E62-42FE-8405-F5792EEEB465}.Release|Any CPU.Build.0 = Release|Any CPU
		{4A56923D-99CF-46E2-AA7E-F4A80355995C}.Debug|Any CPU.ActiveCfg = Debug|Any CPU
		{4A56923D-99CF-46E2-AA7E-F4A80355995C}.Debug|Any CPU.Build.0 = Debug|Any CPU
		{4A56923D-99CF-46E2-AA7E-F4A80355995C}.Release|Any CPU.ActiveCfg = Release|Any CPU
		{4A56923D-99CF-46E2-AA7E-F4A80355995C}.Release|Any CPU.Build.0 = Release|Any CPU
		{8CAAA908-B4BF-4CDB-A880-77B7CDF4FF26}.Debug|Any CPU.ActiveCfg = Debug|Any CPU
		{8CAAA908-B4BF-4CDB-A880-77B7CDF4FF26}.Debug|Any CPU.Build.0 = Debug|Any CPU
		{8CAAA908-B4BF-4CDB-A880-77B7CDF4FF26}.Release|Any CPU.ActiveCfg = Release|Any CPU
		{8CAAA908-B4BF-4CDB-A880-77B7CDF4FF26}.Release|Any CPU.Build.0 = Release|Any CPU
		{EE15BC16-CEA6-4541-9D6C-1659C2E00B46}.Debug|Any CPU.ActiveCfg = Debug|Any CPU
		{EE15BC16-CEA6-4541-9D6C-1659C2E00B46}.Debug|Any CPU.Build.0 = Debug|Any CPU
		{EE15BC16-CEA6-4541-9D6C-1659C2E00B46}.Release|Any CPU.ActiveCfg = Release|Any CPU
		{EE15BC16-CEA6-4541-9D6C-1659C2E00B46}.Release|Any CPU.Build.0 = Release|Any CPU
		{110968B0-D710-40DB-BA3C-DB2F8B0259F9}.Debug|Any CPU.ActiveCfg = Debug|Any CPU
		{110968B0-D710-40DB-BA3C-DB2F8B0259F9}.Debug|Any CPU.Build.0 = Debug|Any CPU
		{110968B0-D710-40DB-BA3C-DB2F8B0259F9}.Release|Any CPU.ActiveCfg = Release|Any CPU
		{110968B0-D710-40DB-BA3C-DB2F8B0259F9}.Release|Any CPU.Build.0 = Release|Any CPU
		{241387E7-686C-4DBD-8F1B-C9D10087E264}.Debug|Any CPU.ActiveCfg = Debug|Any CPU
		{241387E7-686C-4DBD-8F1B-C9D10087E264}.Debug|Any CPU.Build.0 = Debug|Any CPU
		{241387E7-686C-4DBD-8F1B-C9D10087E264}.Release|Any CPU.ActiveCfg = Release|Any CPU
		{241387E7-686C-4DBD-8F1B-C9D10087E264}.Release|Any CPU.Build.0 = Release|Any CPU
		{B4FEE2EA-08D9-4331-BA18-4FD85EC5D727}.Debug|Any CPU.ActiveCfg = Debug|Any CPU
		{B4FEE2EA-08D9-4331-BA18-4FD85EC5D727}.Debug|Any CPU.Build.0 = Debug|Any CPU
		{B4FEE2EA-08D9-4331-BA18-4FD85EC5D727}.Release|Any CPU.ActiveCfg = Release|Any CPU
		{B4FEE2EA-08D9-4331-BA18-4FD85EC5D727}.Release|Any CPU.Build.0 = Release|Any CPU
		{83595DBF-D3FC-43A1-9871-9D7728353721}.Debug|Any CPU.ActiveCfg = Debug|Any CPU
		{83595DBF-D3FC-43A1-9871-9D7728353721}.Debug|Any CPU.Build.0 = Debug|Any CPU
		{83595DBF-D3FC-43A1-9871-9D7728353721}.Release|Any CPU.ActiveCfg = Release|Any CPU
		{83595DBF-D3FC-43A1-9871-9D7728353721}.Release|Any CPU.Build.0 = Release|Any CPU
		{4B19B22E-BE3A-4508-B819-6550E8D3C42D}.Debug|Any CPU.ActiveCfg = Debug|Any CPU
		{4B19B22E-BE3A-4508-B819-6550E8D3C42D}.Debug|Any CPU.Build.0 = Debug|Any CPU
		{4B19B22E-BE3A-4508-B819-6550E8D3C42D}.Release|Any CPU.ActiveCfg = Release|Any CPU
		{4B19B22E-BE3A-4508-B819-6550E8D3C42D}.Release|Any CPU.Build.0 = Release|Any CPU
		{C60C90EE-96A9-4CFB-A1DA-E7C2C9B5ADD9}.Debug|Any CPU.ActiveCfg = Debug|Any CPU
		{C60C90EE-96A9-4CFB-A1DA-E7C2C9B5ADD9}.Debug|Any CPU.Build.0 = Debug|Any CPU
		{C60C90EE-96A9-4CFB-A1DA-E7C2C9B5ADD9}.Release|Any CPU.ActiveCfg = Release|Any CPU
		{C60C90EE-96A9-4CFB-A1DA-E7C2C9B5ADD9}.Release|Any CPU.Build.0 = Release|Any CPU
	EndGlobalSection
	GlobalSection(SolutionProperties) = preSolution
		HideSolutionNode = FALSE
	EndGlobalSection
	GlobalSection(NestedProjects) = preSolution
		{8E442692-3727-481A-9CA3-09D08313AD6C} = {4C024D57-8B6D-4847-996F-1B8D0B6D5143}
		{70DFBF89-131A-4805-A581-1409D0382189} = {4C024D57-8B6D-4847-996F-1B8D0B6D5143}
		{6DE7ADEB-E0A0-43CC-AEDB-7A820F468409} = {4C024D57-8B6D-4847-996F-1B8D0B6D5143}
		{D5029F29-BF8E-4338-A7BB-221E8B93A417} = {4C024D57-8B6D-4847-996F-1B8D0B6D5143}
		{4104F191-24D0-40F1-8743-6D0BACC80B30} = {4C024D57-8B6D-4847-996F-1B8D0B6D5143}
		{20D1D2AA-19A2-4BE9-943A-DCEA0A533D19} = {4C024D57-8B6D-4847-996F-1B8D0B6D5143}
		{26FBEEDF-6E62-42FE-8405-F5792EEEB465} = {4C024D57-8B6D-4847-996F-1B8D0B6D5143}
		{4A56923D-99CF-46E2-AA7E-F4A80355995C} = {4C024D57-8B6D-4847-996F-1B8D0B6D5143}
		{8CAAA908-B4BF-4CDB-A880-77B7CDF4FF26} = {4C024D57-8B6D-4847-996F-1B8D0B6D5143}
		{EE15BC16-CEA6-4541-9D6C-1659C2E00B46} = {4C024D57-8B6D-4847-996F-1B8D0B6D5143}
		{110968B0-D710-40DB-BA3C-DB2F8B0259F9} = {4C024D57-8B6D-4847-996F-1B8D0B6D5143}
		{241387E7-686C-4DBD-8F1B-C9D10087E264} = {4C024D57-8B6D-4847-996F-1B8D0B6D5143}
		{B4FEE2EA-08D9-4331-BA18-4FD85EC5D727} = {4C024D57-8B6D-4847-996F-1B8D0B6D5143}
		{83595DBF-D3FC-43A1-9871-9D7728353721} = {4C024D57-8B6D-4847-996F-1B8D0B6D5143}
		{4B19B22E-BE3A-4508-B819-6550E8D3C42D} = {4C024D57-8B6D-4847-996F-1B8D0B6D5143}
		{C60C90EE-96A9-4CFB-A1DA-E7C2C9B5ADD9} = {4C024D57-8B6D-4847-996F-1B8D0B6D5143}
	EndGlobalSection
	GlobalSection(ExtensibilityGlobals) = postSolution
		SolutionGuid = {CDC72EE1-5DCA-490A-97A9-33B60AD72D06}
	EndGlobalSection
EndGlobal
